lockfileVersion: '9.0'

settings:
  autoInstallPeers: true
  excludeLinksFromLockfile: false

importers:

  .:
    dependencies:
      '@csstools/css-tokenizer':
        specifier: ^4.0.0
        version: 4.0.0
      postcss-value-parser:
        specifier: ^4.2.0
        version: 4.2.0
    devDependencies:
      '@csstools/css-calc':
        specifier: ^3.2.1
        version: 3.2.1(@csstools/css-parser-algorithms@4.0.0(@csstools/css-tokenizer@4.0.0))(@csstools/css-tokenizer@4.0.0)
      '@rmenke/css-tokenizer-tests':
        specifier: ^1.2.0
        version: 1.2.0
      '@types/node':
        specifier: ^26.1.1
        version: 26.1.1
      fast-check:
        specifier: ^4.9.0
        version: 4.9.0
      oxfmt:
        specifier: ^0.61.0
        version: 0.61.0
      oxlint:
        specifier: ^1.76.0
        version: 1.76.0
      postcss:
        specifier: ^8.5.19
        version: 8.5.19
      typescript:
        specifier: ~7.0.2
        version: 7.0.2

packages:

  '@csstools/css-calc@3.2.1':
    resolution: {integrity: sha512-DtdHlgXh5ZkA43cwBcAm+huzgJiwx3ZTWVjBs94kwz2xKqSimDA3lBgCjphYgwgVUMWatSM0pDd8TILB1yrVVg==}
    engines: {node: '>=20.19.0'}
    peerDependencies:
      '@csstools/css-parser-algorithms': ^4.0.0
      '@csstools/css-tokenizer': ^4.0.0

  '@csstools/css-parser-algorithms@4.0.0':
    resolution: {integrity: sha512-+B87qS7fIG3L5h3qwJ/IFbjoVoOe/bpOdh9hAjXbvx0o8ImEmUsGXN0inFOnk2ChCFgqkkGFQ+TpM5rbhkKe4w==}
    engines: {node: '>=20.19.0'}
    peerDependencies:
      '@csstools/css-tokenizer': ^4.0.0

  '@csstools/css-tokenizer@4.0.0':
    resolution: {integrity: sha512-QxULHAm7cNu72w97JUNCBFODFaXpbDg+dP8b/oWFAZ2MTRppA3U00Y2L1HqaS4J6yBqxwa/Y3nMBaxVKbB/NsA==}
    engines: {node: '>=20.19.0'}

  '@oxfmt/binding-android-arm-eabi@0.61.0':
    resolution: {integrity: sha512-BaS+1OVvg9sr+Xav0+KdWedQRcAzrdoEcwMZeqoc2F6ieC1s/t5eM35YQoRPQ7vAqkZ+p3tbQb1r9I9mrV5oGA==}
    engines: {node: ^20.19.0 || >=22.12.0}
    cpu: [arm]
    os: [android]

  '@oxfmt/binding-android-arm64@0.61.0':
    resolution: {integrity: sha512-of8atAV0M1egGcVOMbgZCvc10sFOP3ayQBNQV5h5G3fNq8gACdEswfFk9bzGrdbM23rtg0Coxi7np7oPLcueNw==}
    engines: {node: ^20.19.0 || >=22.12.0}
    cpu: [arm64]
    os: [android]

  '@oxfmt/binding-darwin-arm64@0.61.0':
    resolution: {integrity: sha512-7l8+5ov4BGwtAcmpzvEik/TG3bciwyw/S3e6j5GKH7pcQqcgCVxD3AuJeP6upto+SOTBKQ4wrrdbMt0gq8fHSQ==}
    engines: {node: ^20.19.0 || >=22.12.0}
    cpu: [arm64]
    os: [darwin]

  '@oxfmt/binding-darwin-x64@0.61.0':
    resolution: {integrity: sha512-Fnz4dDDXBb7udk+DmwelNjxbD6yptyxwCqwCH2ebo4RVLxVsRfFsn/AHJC49KIltPrVokamGv4SSOsiV50DTxQ==}
    engines: {node: ^20.19.0 || >=22.12.0}
    cpu: [x64]
    os: [darwin]

  '@oxfmt/binding-freebsd-x64@0.61.0':
    resolution: {integrity: sha512-mddOebKNCP+AucmzfNsk3jgbr681qAUvgMqi865GW5gWLJ/AnzXbvjQRrny0e++NAN8aphav/aRSrfFxNsNjpA==}
    engines: {node: ^20.19.0 || >=22.12.0}
    cpu: [x64]
    os: [freebsd]

  '@oxfmt/binding-linux-arm-gnueabihf@0.61.0':
    resolution: {integrity: sha512-svx59iYL+DbaZGZUIoice4W0CjRXGExnbz7Re+awIb60rVxBS2KrU7Hnlx+nZYanLGLpjneUEgo/VFEKkSZAyQ==}
    engines: {node: ^20.19.0 || >=22.12.0}
    cpu: [arm]
    os: [linux]

  '@oxfmt/binding-linux-arm-musleabihf@0.61.0':
    resolution: {integrity: sha512-BYK9MPJPCf6d+fLKMTruThmEyCtHzQ1zLcsrTlUVkmnoXIaHAbfpeLYQwX1tkjs7W11dyzoi6HFvKcdnvX1zNg==}
    engines: {node: ^20.19.0 || >=22.12.0}
    cpu: [arm]
    os: [linux]

  '@oxfmt/binding-linux-arm64-gnu@0.61.0':
    resolution: {integrity: sha512-QUaCNLq2/EC6G5ljOuFanl9Lgw6ZWp4co7rs4+KOMUzbGfA4Lq58FHRjjF9sVIG+93XSbo343MxFATrOU1qctA==}
    engines: {node: ^20.19.0 || >=22.12.0}
    cpu: [arm64]
    os: [linux]
    libc: [glibc]

  '@oxfmt/binding-linux-arm64-musl@0.61.0':
    resolution: {integrity: sha512-S6uvJ6MXnRXl+zTs0CARNDvkE+cymj0EVWEKKsyKnlLlqTyQJBjw5s4D2pSIOZc+S46cy4STefzcr/sm0VzVPA==}
    engines: {node: ^20.19.0 || >=22.12.0}
    cpu: [arm64]
    os: [linux]
    libc: [musl]

  '@oxfmt/binding-linux-ppc64-gnu@0.61.0':
    resolution: {integrity: sha512-6VDlRcytvZG6UlSIdAFKDLbppo9tvPxrWzle6vHldYFMeuDPQEfMKrkwezp7FaBq1wik9ra554ZZeRPsyIkFpg==}
    engines: {node: ^20.19.0 || >=22.12.0}
    cpu: [ppc64]
    os: [linux]
    libc: [glibc]

  '@oxfmt/binding-linux-riscv64-gnu@0.61.0':
    resolution: {integrity: sha512-KkBTYbzExpbmn15XjKPLu2fRV2PVlq+KWt+brad5rwIa03vdYoaDRWiS7raHII/dCTR6Ro4UpYUCH4t6lif4WQ==}
    engines: {node: ^20.19.0 || >=22.12.0}
    cpu: [riscv64]
    os: [linux]
    libc: [glibc]

  '@oxfmt/binding-linux-riscv64-musl@0.61.0':
    resolution: {integrity: sha512-69tzIq7sJLVB9dxYYtvMzcSSsnZHSO+U2U19O2RqDqgj6+Q4O7HjSXdaszbcgqzhsUwzSH7z5kWvk8nmf6BHTg==}
    engines: {node: ^20.19.0 || >=22.12.0}
    cpu: [riscv64]
    os: [linux]
    libc: [musl]

  '@oxfmt/binding-linux-s390x-gnu@0.61.0':
    resolution: {integrity: sha512-Oqi/N0OvtOVXsPKAOOhKgGH3msRYF8BLJaNBbWiupRiKoKVyc8JRKPCfarkQJC+RgP9U8raUKLe+bNwd0HUMiA==}
    engines: {node: ^20.19.0 || >=22.12.0}
    cpu: [s390x]
    os: [linux]
    libc: [glibc]

  '@oxfmt/binding-linux-x64-gnu@0.61.0':
    resolution: {integrity: sha512-3TKwv/ed4uwJSemAA8P9XcoqETpjQI4waquF9UilhA9Mn/dhr1PdUEXWlL74mtc6ZNfmKPA9+NEJm01nRF8CVA==}
    engines: {node: ^20.19.0 || >=22.12.0}
    cpu: [x64]
    os: [linux]
    libc: [glibc]

  '@oxfmt/binding-linux-x64-musl@0.61.0':
    resolution: {integrity: sha512-uFso4u4nLkVSlMCpgjyvWV60Gt7GvDQHnk1mmRxHIkZTMB0ljpUKwCD9FYGgN9H97x2wYl0UwEjgRZaPIuhEhw==}
    engines: {node: ^20.19.0 || >=22.12.0}
    cpu: [x64]
    os: [linux]
    libc: [musl]

  '@oxfmt/binding-openharmony-arm64@0.61.0':
    resolution: {integrity: sha512-keGLkzeOvkMpNmPp4hffXWpfoSsY6e1K8++KXD4mSSfxdvM8q9QUDsYY689TB1k6Co832DZn1MnaaVx6cIBMWQ==}
    engines: {node: ^20.19.0 || >=22.12.0}
    cpu: [arm64]
    os: [openharmony]

  '@oxfmt/binding-win32-arm64-msvc@0.61.0':
    resolution: {integrity: sha512-VzsAISkFxmNhJ5LBDEL9VuH6tJsVJMtqYit2LyIUf/HLnsCe4Pg9SMOjjVQzGWt0bnpyfJ94CrqTqcpNZzK+ug==}
    engines: {node: ^20.19.0 || >=22.12.0}
    cpu: [arm64]
    os: [win32]

  '@oxfmt/binding-win32-ia32-msvc@0.61.0':
    resolution: {integrity: sha512-xv4t7yzwJoYaLB6Zv28B3W+j7brEjsyv50rLTAQgmxJzddce9fAMCxed8dSAkbWES0zz2J29nYK5FaTuD2YBHg==}
    engines: {node: ^20.19.0 || >=22.12.0}
    cpu: [ia32]
    os: [win32]

  '@oxfmt/binding-win32-x64-msvc@0.61.0':
    resolution: {integrity: sha512-6EZXFkqOwxdDYjIn3TSNnPk3ST5E5GiYd4FiM6UF/mCL/LZSfr6D6UygTfW3R1PCQP2quCKpCEGRlij8E3VYbg==}
    engines: {node: ^20.19.0 || >=22.12.0}
    cpu: [x64]
    os: [win32]

  '@oxlint/binding-android-arm-eabi@1.76.0':
    resolution: {integrity: sha512-ZHIE5Zt9AsPDcY4nOlofXt0YfneEeo+QrKMPcPzLf2Z6Q8VtV2W73d7SFJ920WUwyik783u/doKCs3KXdwG+7w==}
    engines: {node: ^20.19.0 || >=22.12.0}
    cpu: [arm]
    os: [android]

  '@oxlint/binding-android-arm64@1.76.0':
    resolution: {integrity: sha512-shm/ngQilHK6bs+ElJWa4oHfNj5vL1Gl/iVEJldTQjpr0/67oSgr0KUpbmcnLig5Fo0v/l6j2567A7TOL89ONA==}
    engines: {node: ^20.19.0 || >=22.12.0}
    cpu: [arm64]
    os: [android]

  '@oxlint/binding-darwin-arm64@1.76.0':
    resolution: {integrity: sha512-rvJmrAPKSQ9aWJ6wIS6CK2tJjwzfW0ApQH9qokq6sfDvmHwoyIHxHFMq7z7i7GiV6fdE6s8qvBqWKPTu8RmT6Q==}
    engines: {node: ^20.19.0 || >=22.12.0}
    cpu: [arm64]
    os: [darwin]

  '@oxlint/binding-darwin-x64@1.76.0':
    resolution: {integrity: sha512-U/zYdb7VYKGY6pA9Vd2rYl9O/HlCylcOlb5PGPvVLtg+oLGsk6H3XGKEMHKyqD3nmmtmlmwb/8SwU2vfSAtvMw==}
    engines: {node: ^20.19.0 || >=22.12.0}
    cpu: [x64]
    os: [darwin]

  '@oxlint/binding-freebsd-x64@1.76.0':
    resolution: {integrity: sha512-WvKG9CAriuo0XNiFzpXjDngUZcRGFNpaK2kLyMUsnJlShxkT96u+BpJQ3KqdQwGOrvI14L6V8bAwXwAYNNY6Jg==}
    engines: {node: ^20.19.0 || >=22.12.0}
    cpu: [x64]
    os: [freebsd]

  '@oxlint/binding-linux-arm-gnueabihf@1.76.0':
    resolution: {integrity: sha512-qJ5+RH99TqFRq3UCDxkW0zJJu9c+OAHFY72vGlxZLEpuO+MpKo3POgqb8sYipL9KYm8XY6ofb0HsOuvY6hQNqQ==}
    engines: {node: ^20.19.0 || >=22.12.0}
    cpu: [arm]
    os: [linux]

  '@oxlint/binding-linux-arm-musleabihf@1.76.0':
    resolution: {integrity: sha512-PvPCVptkgVARsucgIqFQQcSmJ6xc6GtnVB5bRBekRahTc9eObMtjHfMjy5M+C2tHt5UCMttWM9RuSk/H9NqYeg==}
    engines: {node: ^20.19.0 || >=22.12.0}
    cpu: [arm]
    os: [linux]

  '@oxlint/binding-linux-arm64-gnu@1.76.0':
    resolution: {integrity: sha512-3KeFDx8Bu4HPAXbuHZOr/oHvN+QT+JQhMw/NYPz7Z071xLSsG27Jfh9PIQVEY7hk1I+jr43ExqRIeJ6VKk2yLw==}
    engines: {node: ^20.19.0 || >=22.12.0}
    cpu: [arm64]
    os: [linux]
    libc: [glibc]

  '@oxlint/binding-linux-arm64-musl@1.76.0':
    resolution: {integrity: sha512-oPFkkKTgl0K/EIg9fQ8oA3IGcI05/Mq1en04iFa41mmNPT+6KEiByVazTOZZJiHMBBrbsns1YJ2e1Scqwzesjw==}
    engines: {node: ^20.19.0 || >=22.12.0}
    cpu: [arm64]
    os: [linux]
    libc: [musl]

  '@oxlint/binding-linux-ppc64-gnu@1.76.0':
    resolution: {integrity: sha512-gN7yZ0eqflA5Fhf1wvHxGUltIV3FsvmB1zhNMDEK9vSHhc7E6qg9CuPeBgPZab66Tjzq6w6kHAtNEvnTHf4cyw==}
    engines: {node: ^20.19.0 || >=22.12.0}
    cpu: [ppc64]
    os: [linux]
    libc: [glibc]

  '@oxlint/binding-linux-riscv64-gnu@1.76.0':
    resolution: {integrity: sha512-S/HqMbn22mQrjtErUxEoS/a55u8kIeXvreIxiJu5G7Le3UecEd6SQZxrDIpuhtgaFnsY/nVra3ytP+pRljDilA==}
    engines: {node: ^20.19.0 || >=22.12.0}
    cpu: [riscv64]
    os: [linux]
    libc: [glibc]

  '@oxlint/binding-linux-riscv64-musl@1.76.0':
    resolution: {integrity: sha512-ZIga3097VJZolGZk6SrIAUokIGfRkxRlhiHDUznZptGBfwrhD7pNfD1rzEzsCwvk/1DX0A1bLz+liuNh5QKIVQ==}
    engines: {node: ^20.19.0 || >=22.12.0}
    cpu: [riscv64]
    os: [linux]
    libc: [musl]

  '@oxlint/binding-linux-s390x-gnu@1.76.0':
    resolution: {integrity: sha512-ZGiiA7pFzMJSyMWYZTVlPgbTsx+Vl8ihLGMIujPwaslUF7kIPPWAbVmAlTc+9lWDV+DCiB8Ikixu+lSHeOIIWQ==}
    engines: {node: ^20.19.0 || >=22.12.0}
    cpu: [s390x]
    os: [linux]
    libc: [glibc]

  '@oxlint/binding-linux-x64-gnu@1.76.0':
    resolution: {integrity: sha512-JLiy5WuvEBFTT6ErIFV35SLzi0R7Iri6MKU6dZbTxfIx8pndbbPs3Mj780nMipBFcPkti+okAPOJ9POKkHFEgg==}
    engines: {node: ^20.19.0 || >=22.12.0}
    cpu: [x64]
    os: [linux]
    libc: [glibc]

  '@oxlint/binding-linux-x64-musl@1.76.0':
    resolution: {integrity: sha512-z7lgKQtbo/I1NIe8G5NHLesxJDv0tRSUWTpXKb9Pm3E9nKFKfO4IOSDtFroKgXtOYb0jQbcdH+0wzTyMXVes+A==}
    engines: {node: ^20.19.0 || >=22.12.0}
    cpu: [x64]
    os: [linux]
    libc: [musl]

  '@oxlint/binding-openharmony-arm64@1.76.0':
    resolution: {integrity: sha512-JOjKymIpb9QcYfEhZsN6h4V9Ivd474W38cNIBRv6bg2TbIvogbMTH0Mg6YWW9TiRDqfcX+/Hyfsbo5vcSE5guQ==}
    engines: {node: ^20.19.0 || >=22.12.0}
    cpu: [arm64]
    os: [openharmony]

  '@oxlint/binding-win32-arm64-msvc@1.76.0':
    resolution: {integrity: sha512-pqDWZiwcmByWUEm1NFUBNiT6aentCcaoMWJv0HbXEmuYermJ4sg8ppVrshubYP2MZ6SHccJJcpr6x469PuDFIw==}
    engines: {node: ^20.19.0 || >=22.12.0}
    cpu: [arm64]
    os: [win32]

  '@oxlint/binding-win32-ia32-msvc@1.76.0':
    resolution: {integrity: sha512-Ba0O659kgMv6pwO3z9PdO+K3aMxQRaw9HnG+e6AtOfgwcKFvYilciQYBoUBmxfQvOCKZe1SwjMkuB542NkuDMQ==}
    engines: {node: ^20.19.0 || >=22.12.0}
    cpu: [ia32]
    os: [win32]

  '@oxlint/binding-win32-x64-msvc@1.76.0':
    resolution: {integrity: sha512-5qcirPHO8nKfkoowEVWtpAoVTcYDy6g0UT0NGic450Qv8J2NrOqg4uQ8QppRP4MDTC7Xx47lbZnmadTH03CGGA==}
    engines: {node: ^20.19.0 || >=22.12.0}
    cpu: [x64]
    os: [win32]

  '@rmenke/css-tokenizer-tests@1.2.0':
    resolution: {integrity: sha512-XfdeXzW5QGc3inl69eid2FTLGY/514xs+VXQWlEzdUVm1QdU6MicU5S2hcEbHoC9WMzIMALTzxiZb49w+xJk0Q==}

  '@types/node@26.1.1':
    resolution: {integrity: sha512-nxAkRSVkN1Y0JC1W8ky/fTfkGsMmcrRsbx+3XoZE+rMOX71kLYTV7fLXpqud1GpbpP5TuffXFqfX7fH2GgZREw==}

  '@typescript/typescript-aix-ppc64@7.0.2':
    resolution: {integrity: sha512-MTKKkWB7p/0E9xi1d1tHtZ5PiLkGEMIq88pK2CubZjOsLtYTLqhgIgi6zepFa+9GHZ6h05NMCkQxGKiPXMxXtQ==}
    engines: {node: '>=16.20.0'}
    cpu: [ppc64]
    os: [aix]

  '@typescript/typescript-darwin-arm64@7.0.2':
    resolution: {integrity: sha512-gowzar9MwS/aRWp6f3a4KUqzRjAZjOsmGNCM6LcTgXum+dBfgsBVMN+AgvOCCbguXyick6LJhpBszxMebJ8syA==}
    engines: {node: '>=16.20.0'}
    cpu: [arm64]
    os: [darwin]

  '@typescript/typescript-darwin-x64@7.0.2':
    resolution: {integrity: sha512-SZ9xZInqApNlNGc9s0W1VSsktYSOe9cFqNOIqmN1Gs8SmkjKZYFt017G4VwPxASInODuAdbTW7sXiFUf893RgA==}
    engines: {node: '>=16.20.0'}
    cpu: [x64]
    os: [darwin]

  '@typescript/typescript-freebsd-arm64@7.0.2':
    resolution: {integrity: sha512-W5NH4y/J0plIIS5b2xvTEkU7JFxyqdMAOgf+Ilhl0vHQXKO5dZoxd+C/jEtq56c4F3wk71RB4BMRQ2XdI+bwYQ==}
    engines: {node: '>=16.20.0'}
    cpu: [arm64]
    os: [freebsd]

  '@typescript/typescript-freebsd-x64@7.0.2':
    resolution: {integrity: sha512-UMGDx5sTpzNw3WiPebH7l90IWfJggEd+egHt/q6p7/Cm3zqoV7VxkGXt+3DxPIw8CcmvAB0j3sVVfbhX+M4Tpw==}
    engines: {node: '>=16.20.0'}
    cpu: [x64]
    os: [freebsd]

  '@typescript/typescript-linux-arm64@7.0.2':
    resolution: {integrity: sha512-Qh4eU4/y3yDjnfjjyPYihMj5/ODIlmt+Bzu17OI+fiSRDW57QmU5SiN63exPRNJPKUzcc1INa1NXdrJ+MqHjUQ==}
    engines: {node: '>=16.20.0'}
    cpu: [arm64]
    os: [linux]

  '@typescript/typescript-linux-arm@7.0.2':
    resolution: {integrity: sha512-gffT3xPz9sR7j/YJExkyPntrI0P2EP9XbOyWzth2/Gs0RstK+90RBcO0ncXoXy/beYll1SXw846Nf2zdnEz0QQ==}
    engines: {node: '>=16.20.0'}
    cpu: [arm]
    os: [linux]

  '@typescript/typescript-linux-loong64@7.0.2':
    resolution: {integrity: sha512-uEHck9i8hoAzXPiYRib1O7miOnz23SxIeVl6F4LXox+qov1K35jHcEW6VHKvZI+pyvl7fZEP4MCU5LYvIq1GuQ==}
    engines: {node: '>=16.20.0'}
    cpu: [loong64]
    os: [linux]

  '@typescript/typescript-linux-mips64el@7.0.2':
    resolution: {integrity: sha512-R4KvAMnE43W5Qeqb0Ly56O3mWMWIAgsMyz36DCaycd5nbg/9kzm0liw3JocfRqyJY0KPmzFjbswozXyW0DnIYA==}
    engines: {node: '>=16.20.0'}
    cpu: [mips64el]
    os: [linux]

  '@typescript/typescript-linux-ppc64@7.0.2':
    resolution: {integrity: sha512-DORx5b3sd/4S7eayxm4FQv+A7CrkUIGRaHiwI8oiHTAI1fAPWhF4J0vAlkC8biAlHSVVwxMQ3tjZ2/DVbnQiiA==}
    engines: {node: '>=16.20.0'}
    cpu: [ppc64]
    os: [linux]

  '@typescript/typescript-linux-riscv64@7.0.2':
    resolution: {integrity: sha512-wf0jqEDOjrPRnKwYRyyJDRo11KMbvMFrU+q4zqKyChODBzvlkbhNQfKvLxQCcwTpdDaXSHZTVuh0JoCrKCUMHQ==}
    engines: {node: '>=16.20.0'}
    cpu: [riscv64]
    os: [linux]

  '@typescript/typescript-linux-s390x@7.0.2':
    resolution: {integrity: sha512-IkwJc3L7yhytWd/ewjyxNDfOmswCm9GWMJT/ue/dU4aZNbwZeYAetq42VyLmsmSjvoX7z74X6ZaYCtzAr0EuGw==}
    engines: {node: '>=16.20.0'}
    cpu: [s390x]
    os: [linux]

  '@typescript/typescript-linux-x64@7.0.2':
    resolution: {integrity: sha512-EYdf2cNg7rgCWJnxCdJ+F3V39O8ihb37eHAu1LK8oAFizgTQbPOK7zHHXbPt8rX24COqODXeI3sIf0fCXG7H/A==}
    engines: {node: '>=16.20.0'}
    cpu: [x64]
    os: [linux]

  '@typescript/typescript-netbsd-arm64@7.0.2':
    resolution: {integrity: sha512-+polYF4MF04aPpO5FTkHran9yUQDSXqy5GiSDKpsll5jy3l3+g9QLhpf39T+ePtefhXLOGrLl0QIjkQP6VnelA==}
    engines: {node: '>=16.20.0'}
    cpu: [arm64]
    os: [netbsd]

  '@typescript/typescript-netbsd-x64@7.0.2':
    resolution: {integrity: sha512-8YIT0EHM/3dq10ZOVF/A7pc/YSMtbcecct4rWtexrnSCHOPcpC2KTLXfTCR6vDpnSiY12heNb1GiN/wu+T/FyA==}
    engines: {node: '>=16.20.0'}
    cpu: [x64]
    os: [netbsd]

  '@typescript/typescript-openbsd-arm64@7.0.2':
    resolution: {integrity: sha512-APT8+ClYnuYm1u9+kgGXoMj2VzWzcymwh2gNSQVySHfkRDGOTVkoWLjCmOQSaO+PoqQ57B0flRp9SA+7GnnkzQ==}
    engines: {node: '>=16.20.0'}
    cpu: [arm64]
    os: [openbsd]

  '@typescript/typescript-openbsd-x64@7.0.2':
    resolution: {integrity: sha512-yX7s+Q0Dln0Dt9tEzZsAjXXR/+ytBM7AlglaqyeMPxQszJ1JhlJdZ6jLA+IzldHtflX81em7lDao1xXu+aRRkg==}
    engines: {node: '>=16.20.0'}
    cpu: [x64]
    os: [openbsd]

  '@typescript/typescript-sunos-x64@7.0.2':
    resolution: {integrity: sha512-dLJDGaLZ1D4HPQn62u1n8mBDkJREwMsAkCdkwd4Ieqw+x3TUyTsqY0YiBCtE6H6OzzgGk3iuZ3vFWRS+E8/d1g==}
    engines: {node: '>=16.20.0'}
    cpu: [x64]
    os: [sunos]

  '@typescript/typescript-win32-arm64@7.0.2':
    resolution: {integrity: sha512-Gyl1Vy6OsWesLzmq+EP0Fb7b4Nid5232AvcA2SFcdYreldpNtYFFofPjnt62y9hQy7VTaZp65ICJjuAQRaVcIQ==}
    engines: {node: '>=16.20.0'}
    cpu: [arm64]
    os: [win32]

  '@typescript/typescript-win32-x64@7.0.2':
    resolution: {integrity: sha512-0BQ3HkAHHlKLSp1qRvf3SUhGpGsDuhB/jgFw75guyqbxJqEaS0Cw/VFO8i2nHglJUzQCRtMMR/IBAKE3ETMC4g==}
    engines: {node: '>=16.20.0'}
    cpu: [x64]
    os: [win32]

  fast-check@4.9.0:
    resolution: {integrity: sha512-7ms6T7SybUev/PQITciI0yLM2pOSFy5zpG8Ty7tQofcVaQUvrMXp6CBwqF6fThLCLOrfBtuHAtwq6Yu4XPCllg==}
    engines: {node: '>=12.17.0'}

  nanoid@3.3.16:
    resolution: {integrity: sha512-bzlKTyNJ7+LdGIIwy8ijFpIqEQIvafahV7eYykJ8Cvh42EdJeODoJ6gUJXpQJvej1BddH8OqTXZNE/KfbWAu8Q==}
    engines: {node: ^10 || ^12 || ^13.7 || ^14 || >=15.0.1}
    hasBin: true

  oxfmt@0.61.0:
    resolution: {integrity: sha512-DxdHBEMYpcEnHoUHjjOigUqV2TYKsvxLwUPXnVYBjgFdqrcQ/91OtwubtZ2PUodCs3sStI8R5Qw3fKNGK4e8wQ==}
    engines: {node: ^20.19.0 || >=22.12.0}
    hasBin: true
    peerDependencies:
      svelte: ^5.0.0
      vite-plus: '*'
    peerDependenciesMeta:
      svelte:
        optional: true
      vite-plus:
        optional: true

  oxlint@1.76.0:
    resolution: {integrity: sha512-6QoFioEU4fNdiUx/2Eo6TRd6NG7H7njnRCz8rhB66cZmMHDTqcm1Rjvl8Wry+ZTQMBAmyb4Mlf62Mk5X+eHSOw==}
    engines: {node: ^20.19.0 || >=22.12.0}
    hasBin: true
    peerDependencies:
      oxlint-tsgolint: '>=7.0.2001'
      vite-plus: '*'
    peerDependenciesMeta:
      oxlint-tsgolint:
        optional: true
      vite-plus:
        optional: true

  picocolors@1.1.1:
    resolution: {integrity: sha512-xceH2snhtb5M9liqDsmEw56le376mTZkEX/jEb/RxNFyegNul7eNslCXP9FDj/Lcu0X8KEyMceP2ntpaHrDEVA==}

  postcss-value-parser@4.2.0:
    resolution: {integrity: sha512-1NNCs6uurfkVbeXG4S8JFT9t19m45ICnif8zWLd5oPSZ50QnwMfK+H3jv408d4jw/7Bttv5axS5IiHoLaVNHeQ==}

  postcss@8.5.19:
    resolution: {integrity: sha512-Mz8SaolMd8nB+G13WkORcxQKHZ/NE4xXevtkJHVuG+guo9/wYKlIMTKAqGdEmYOXR2ijPjTYNHssizdaVSUNdQ==}
    engines: {node: ^10 || ^12 || >=14}

  pure-rand@8.4.2:
    resolution: {integrity: sha512-vvuOGgcuPJAirlHvuQw1TrOiw7ptaIXXmIbNuiNOY6lNGJJH49PQ1Kj4nd783nPdQhQdicgOjVI2yI/9BD6/Ng==}

  source-map-js@1.2.1:
    resolution: {integrity: sha512-UXWMKhLOwVKb728IUtQPXxfYU+usdybtUrK/8uGE8CQMvrhOpwvzDBwj0QhSL7MQc7vIsISBG8VQ8+IDQxpfQA==}
    engines: {node: '>=0.10.0'}

  tinypool@2.1.0:
    resolution: {integrity: sha512-Pugqs6M0m7Lv1I7FtxN4aoyToKg1C4tu+/381vH35y8oENM/Ai7f7C4StcoK4/+BSw9ebcS8jRiVrORFKCALLw==}
    engines: {node: ^20.0.0 || >=22.0.0}

  typescript@7.0.2:
    resolution: {integrity: sha512-8FYau96o3NKOhbjKi/qNvG/W5jhzxkbdm5sj9AbZ/5T5sWqn3hJgLfGx27sRKZWTvyzCP8dLRBTf5tBTSRVUNA==}
    engines: {node: '>=16.20.0'}
    hasBin: true

  undici-types@8.3.0:
    resolution: {integrity: sha512-j375ScV60dom+YkPFIfTLcOiPxkN/buHz5GobjLhixFuANaNs3C9l4GmrWqejgXWJ7BbJcFYpTEUkS1Ge8bpZQ==}

snapshots:

  '@csstools/css-calc@3.2.1(@csstools/css-parser-algorithms@4.0.0(@csstools/css-tokenizer@4.0.0))(@csstools/css-tokenizer@4.0.0)':
    dependencies:
      '@csstools/css-parser-algorithms': 4.0.0(@csstools/css-tokenizer@4.0.0)
      '@csstools/css-tokenizer': 4.0.0

  '@csstools/css-parser-algorithms@4.0.0(@csstools/css-tokenizer@4.0.0)':
    dependencies:
      '@csstools/css-tokenizer': 4.0.0

  '@csstools/css-tokenizer@4.0.0': {}

  '@oxfmt/binding-android-arm-eabi@0.61.0':
    optional: true

  '@oxfmt/binding-android-arm64@0.61.0':
    optional: true

  '@oxfmt/binding-darwin-arm64@0.61.0':
    optional: true

  '@oxfmt/binding-darwin-x64@0.61.0':
    optional: true

  '@oxfmt/binding-freebsd-x64@0.61.0':
    optional: true

  '@oxfmt/binding-linux-arm-gnueabihf@0.61.0':
    optional: true

  '@oxfmt/binding-linux-arm-musleabihf@0.61.0':
    optional: true

  '@oxfmt/binding-linux-arm64-gnu@0.61.0':
    optional: true

  '@oxfmt/binding-linux-arm64-musl@0.61.0':
    optional: true

  '@oxfmt/binding-linux-ppc64-gnu@0.61.0':
    optional: true

  '@oxfmt/binding-linux-riscv64-gnu@0.61.0':
    optional: true

  '@oxfmt/binding-linux-riscv64-musl@0.61.0':
    optional: true

  '@oxfmt/binding-linux-s390x-gnu@0.61.0':
    optional: true

  '@oxfmt/binding-linux-x64-gnu@0.61.0':
    optional: true

  '@oxfmt/binding-linux-x64-musl@0.61.0':
    optional: true

  '@oxfmt/binding-openharmony-arm64@0.61.0':
    optional: true

  '@oxfmt/binding-win32-arm64-msvc@0.61.0':
    optional: true

  '@oxfmt/binding-win32-ia32-msvc@0.61.0':
    optional: true

  '@oxfmt/binding-win32-x64-msvc@0.61.0':
    optional: true

  '@oxlint/binding-android-arm-eabi@1.76.0':
    optional: true

  '@oxlint/binding-android-arm64@1.76.0':
    optional: true

  '@oxlint/binding-darwin-arm64@1.76.0':
    optional: true

  '@oxlint/binding-darwin-x64@1.76.0':
    optional: true

  '@oxlint/binding-freebsd-x64@1.76.0':
    optional: true

  '@oxlint/binding-linux-arm-gnueabihf@1.76.0':
    optional: true

  '@oxlint/binding-linux-arm-musleabihf@1.76.0':
    optional: true

  '@oxlint/binding-linux-arm64-gnu@1.76.0':
    optional: true

  '@oxlint/binding-linux-arm64-musl@1.76.0':
    optional: true

  '@oxlint/binding-linux-ppc64-gnu@1.76.0':
    optional: true

  '@oxlint/binding-linux-riscv64-gnu@1.76.0':
    optional: true

  '@oxlint/binding-linux-riscv64-musl@1.76.0':
    optional: true

  '@oxlint/binding-linux-s390x-gnu@1.76.0':
    optional: true

  '@oxlint/binding-linux-x64-gnu@1.76.0':
    optional: true

  '@oxlint/binding-linux-x64-musl@1.76.0':
    optional: true

  '@oxlint/binding-openharmony-arm64@1.76.0':
    optional: true

  '@oxlint/binding-win32-arm64-msvc@1.76.0':
    optional: true

  '@oxlint/binding-win32-ia32-msvc@1.76.0':
    optional: true

  '@oxlint/binding-win32-x64-msvc@1.76.0':
    optional: true

  '@rmenke/css-tokenizer-tests@1.2.0': {}

  '@types/node@26.1.1':
    dependencies:
      undici-types: 8.3.0

  '@typescript/typescript-aix-ppc64@7.0.2':
    optional: true

  '@typescript/typescript-darwin-arm64@7.0.2':
    optional: true

  '@typescript/typescript-darwin-x64@7.0.2':
    optional: true

  '@typescript/typescript-freebsd-arm64@7.0.2':
    optional: true

  '@typescript/typescript-freebsd-x64@7.0.2':
    optional: true

  '@typescript/typescript-linux-arm64@7.0.2':
    optional: true

  '@typescript/typescript-linux-arm@7.0.2':
    optional: true

  '@typescript/typescript-linux-loong64@7.0.2':
    optional: true

  '@typescript/typescript-linux-mips64el@7.0.2':
    optional: true

  '@typescript/typescript-linux-ppc64@7.0.2':
    optional: true

  '@typescript/typescript-linux-riscv64@7.0.2':
    optional: true

  '@typescript/typescript-linux-s390x@7.0.2':
    optional: true

  '@typescript/typescript-linux-x64@7.0.2':
    optional: true

  '@typescript/typescript-netbsd-arm64@7.0.2':
    optional: true

  '@typescript/typescript-netbsd-x64@7.0.2':
    optional: true

  '@typescript/typescript-openbsd-arm64@7.0.2':
    optional: true

  '@typescript/typescript-openbsd-x64@7.0.2':
    optional: true

  '@typescript/typescript-sunos-x64@7.0.2':
    optional: true

  '@typescript/typescript-win32-arm64@7.0.2':
    optional: true

  '@typescript/typescript-win32-x64@7.0.2':
    optional: true

  fast-check@4.9.0:
    dependencies:
      pure-rand: 8.4.2

  nanoid@3.3.16: {}

  oxfmt@0.61.0:
    dependencies:
      tinypool: 2.1.0
    optionalDependencies:
      '@oxfmt/binding-android-arm-eabi': 0.61.0
      '@oxfmt/binding-android-arm64': 0.61.0
      '@oxfmt/binding-darwin-arm64': 0.61.0
      '@oxfmt/binding-darwin-x64': 0.61.0
      '@oxfmt/binding-freebsd-x64': 0.61.0
      '@oxfmt/binding-linux-arm-gnueabihf': 0.61.0
      '@oxfmt/binding-linux-arm-musleabihf': 0.61.0
      '@oxfmt/binding-linux-arm64-gnu': 0.61.0
      '@oxfmt/binding-linux-arm64-musl': 0.61.0
      '@oxfmt/binding-linux-ppc64-gnu': 0.61.0
      '@oxfmt/binding-linux-riscv64-gnu': 0.61.0
      '@oxfmt/binding-linux-riscv64-musl': 0.61.0
      '@oxfmt/binding-linux-s390x-gnu': 0.61.0
      '@oxfmt/binding-linux-x64-gnu': 0.61.0
      '@oxfmt/binding-linux-x64-musl': 0.61.0
      '@oxfmt/binding-openharmony-arm64': 0.61.0
      '@oxfmt/binding-win32-arm64-msvc': 0.61.0
      '@oxfmt/binding-win32-ia32-msvc': 0.61.0
      '@oxfmt/binding-win32-x64-msvc': 0.61.0

  oxlint@1.76.0:
    optionalDependencies:
      '@oxlint/binding-android-arm-eabi': 1.76.0
      '@oxlint/binding-android-arm64': 1.76.0
      '@oxlint/binding-darwin-arm64': 1.76.0
      '@oxlint/binding-darwin-x64': 1.76.0
      '@oxlint/binding-freebsd-x64': 1.76.0
      '@oxlint/binding-linux-arm-gnueabihf': 1.76.0
      '@oxlint/binding-linux-arm-musleabihf': 1.76.0
      '@oxlint/binding-linux-arm64-gnu': 1.76.0
      '@oxlint/binding-linux-arm64-musl': 1.76.0
      '@oxlint/binding-linux-ppc64-gnu': 1.76.0
      '@oxlint/binding-linux-riscv64-gnu': 1.76.0
      '@oxlint/binding-linux-riscv64-musl': 1.76.0
      '@oxlint/binding-linux-s390x-gnu': 1.76.0
      '@oxlint/binding-linux-x64-gnu': 1.76.0
      '@oxlint/binding-linux-x64-musl': 1.76.0
      '@oxlint/binding-openharmony-arm64': 1.76.0
      '@oxlint/binding-win32-arm64-msvc': 1.76.0
      '@oxlint/binding-win32-ia32-msvc': 1.76.0
      '@oxlint/binding-win32-x64-msvc': 1.76.0

  picocolors@1.1.1: {}

  postcss-value-parser@4.2.0: {}

  postcss@8.5.19:
    dependencies:
      nanoid: 3.3.16
      picocolors: 1.1.1
      source-map-js: 1.2.1

  pure-rand@8.4.2: {}

  source-map-js@1.2.1: {}

  tinypool@2.1.0: {}

  typescript@7.0.2:
    optionalDependencies:
      '@typescript/typescript-aix-ppc64': 7.0.2
      '@typescript/typescript-darwin-arm64': 7.0.2
      '@typescript/typescript-darwin-x64': 7.0.2
      '@typescript/typescript-freebsd-arm64': 7.0.2
      '@typescript/typescript-freebsd-x64': 7.0.2
      '@typescript/typescript-linux-arm': 7.0.2
      '@typescript/typescript-linux-arm64': 7.0.2
      '@typescript/typescript-linux-loong64': 7.0.2
      '@typescript/typescript-linux-mips64el': 7.0.2
      '@typescript/typescript-linux-ppc64': 7.0.2
      '@typescript/typescript-linux-riscv64': 7.0.2
      '@typescript/typescript-linux-s390x': 7.0.2
      '@typescript/typescript-linux-x64': 7.0.2
      '@typescript/typescript-netbsd-arm64': 7.0.2
      '@typescript/typescript-netbsd-x64': 7.0.2
      '@typescript/typescript-openbsd-arm64': 7.0.2
      '@typescript/typescript-openbsd-x64': 7.0.2
      '@typescript/typescript-sunos-x64': 7.0.2
      '@typescript/typescript-win32-arm64': 7.0.2
      '@typescript/typescript-win32-x64': 7.0.2

  undici-types@8.3.0: {}
